// !$*UTF8*$!
{
	archiveVersion = 1;
	classes = {
	};
	objectVersion = 46;
	objects = {

/* Begin PBXBuildFile section */
		8C5D16A91E64239800D4D5A6 /* main.m in Sources */ = {isa = PBXBuildFile; fileRef = 8C5D16A81E64239800D4D5A6 /* main.m */; };
		8C5D16AC1E64239800D4D5A6 /* AppDelegate.m in Sources */ = {isa = PBXBuildFile; fileRef = 8C5D16AB1E64239800D4D5A6 /* AppDelegate.m */; };
		8C5D16AF1E64239800D4D5A6 /* ViewController.m in Sources */ = {isa = PBXBuildFile; fileRef = 8C5D16AE1E64239800D4D5A6 /* ViewController.m */; };
		8C5D16B41E64239800D4D5A6 /* Assets.xcassets in Resources */ = {isa = PBXBuildFile; fileRef = 8C5D16B31E64239800D4D5A6 /* Assets.xcassets */; };
		8C5D16B71E64239800D4D5A6 /* LaunchScreen.storyboard in Resources */ = {isa = PBXBuildFile; fileRef = 8C5D16B51E64239800D4D5A6 /* LaunchScreen.storyboard */; };
		8C5D16C11E64241A00D4D5A6 /* MaxAlertView.m in Sources */ = {isa = PBXBuildFile; fileRef = 8C5D16C01E64241A00D4D5A6 /* MaxAlertView.m */; settings = {ASSET_TAGS = (); }; };
		8C6F5CBA1E76738B00D29A92 /* MaxAlertViewController.m in Sources */ = {isa = PBXBuildFile; fileRef = 8C6F5CB91E76738B00D29A92 /* MaxAlertViewController.m */; settings = {ASSET_TAGS = (); }; };
		8C6F5CBF1E76753400D29A92 /* PopUpView.m in Sources */ = {isa = PBXBuildFile; fileRef = 8C6F5CBE1E76753400D29A92 /* PopUpView.m */; settings = {ASSET_TAGS = (); }; };
		8C6F5CC21E7680AF00D29A92 /* AlertViewController.m in Sources */ = {isa = PBXBuildFile; fileRef = 8C6F5CC11E7680AF00D29A92 /* AlertViewController.m */; settings = {ASSET_TAGS = (); }; };
		8C6F5CC51E76811E00D29A92 /* ActionSheetViewController.m in Sources */ = {isa = PBXBuildFile; fileRef = 8C6F5CC41E76811E00D29A92 /* ActionSheetViewController.m */; settings = {ASSET_TAGS = (); }; };
		8C78C11E1E6910800005AFD8 /* wode_ydy.png in Resources */ = {isa = PBXBuildFile; fileRef = 8C78C11D1E6910800005AFD8 /* wode_ydy.png */; settings = {ASSET_TAGS = (); }; };
/* End PBXBuildFile section */

/* Begin PBXFileReference section */
		8C5D16A41E64239800D4D5A6 /* MaxAlertView.app */ = {isa = PBXFileReference; explicitFileType = wrapper.application; includeInIndex = 0; path = MaxAlertView.app; sourceTree = BUILT_PRODUCTS_DIR; };
		8C5D16A81E64239800D4D5A6 /* main.m */ = {isa = PBXFileReference; lastKnownFileType = sourcecode.c.objc; path = main.m; sourceTree = "<group>"; };
		8C5D16AA1E64239800D4D5A6 /* AppDelegate.h */ = {isa = PBXFileReference; lastKnownFileType = sourcecode.c.h; path = AppDelegate.h; sourceTree = "<group>"; };
		8C5D16AB1E64239800D4D5A6 /* AppDelegate.m */ = {isa = PBXFileReference; lastKnownFileType = sourcecode.c.objc; path = AppDelegate.m; sourceTree = "<group>"; };
		8C5D16AD1E64239800D4D5A6 /* ViewController.h */ = {isa = PBXFileReference; lastKnownFileType = sourcecode.c.h; path = ViewController.h; sourceTree = "<group>"; };
		8C5D16AE1E64239800D4D5A6 /* ViewController.m */ = {isa = PBXFileReference; lastKnownFileType = sourcecode.c.objc; path = ViewController.m; sourceTree = "<group>"; };
		8C5D16B31E64239800D4D5A6 /* Assets.xcassets */ = {isa = PBXFileReference; lastKnownFileType = folder.assetcatalog; path = Assets.xcassets; sourceTree = "<group>"; };
		8C5D16B61E64239800D4D5A6 /* Base */ = {isa = PBXFileReference; lastKnownFileType = file.storyboard; name = Base; path = Base.lproj/LaunchScreen.storyboard; sourceTree = "<group>"; };
		8C5D16B81E64239800D4D5A6 /* Info.plist */ = {isa = PBXFileReference; lastKnownFileType = text.plist.xml; path = Info.plist; sourceTree = "<group>"; };
		8C5D16BF1E64241A00D4D5A6 /* MaxAlertView.h */ = {isa = PBXFileReference; fileEncoding = 4; lastKnownFileType = sourcecode.c.h; path = MaxAlertView.h; sourceTree = "<group>"; };
		8C5D16C01E64241A00D4D5A6 /* MaxAlertView.m */ = {isa = PBXFileReference; fileEncoding = 4; lastKnownFileType = sourcecode.c.objc; path = MaxAlertView.m; sourceTree = "<group>"; };
		8C6F5CB81E76738B00D29A92 /* MaxAlertViewController.h */ = {isa = PBXFileReference; fileEncoding = 4; lastKnownFileType = sourcecode.c.h; path = MaxAlertViewController.h; sourceTree = "<group>"; };
		8C6F5CB91E76738B00D29A92 /* MaxAlertViewController.m */ = {isa = PBXFileReference; fileEncoding = 4; lastKnownFileType = sourcecode.c.objc; path = MaxAlertViewController.m; sourceTree = "<group>"; };
		8C6F5CBB1E7673A900D29A92 /* Header.h */ = {isa = PBXFileReference; lastKnownFileType = sourcecode.c.h; path = Header.h; sourceTree = "<group>"; };
		8C6F5CBD1E76753400D29A92 /* PopUpView.h */ = {isa = PBXFileReference; fileEncoding = 4; lastKnownFileType = sourcecode.c.h; path = PopUpView.h; sourceTree = "<group>"; };
		8C6F5CBE1E76753400D29A92 /* PopUpView.m */ = {isa = PBXFileReference; fileEncoding = 4; lastKnownFileType = sourcecode.c.objc; path = PopUpView.m; sourceTree = "<group>"; };
		8C6F5CC01E7680AF00D29A92 /* AlertViewController.h */ = {isa = PBXFileReference; fileEncoding = 4; lastKnownFileType = sourcecode.c.h; path = AlertViewController.h; sourceTree = "<group>"; };
		8C6F5CC11E7680AF00D29A92 /* AlertViewController.m */ = {isa = PBXFileReference; fileEncoding = 4; lastKnownFileType = sourcecode.c.objc; path = AlertViewController.m; sourceTree = "<group>"; };
		8C6F5CC31E76811E00D29A92 /* ActionSheetViewController.h */ = {isa = PBXFileReference; fileEncoding = 4; lastKnownFileType = sourcecode.c.h; path = ActionSheetViewController.h; sourceTree = "<group>"; };
		8C6F5CC41E76811E00D29A92 /* ActionSheetViewController.m */ = {isa = PBXFileReference; fileEncoding = 4; lastKnownFileType = sourcecode.c.objc; path = ActionSheetViewController.m; sourceTree = "<group>"; };
		8C78C11D1E6910800005AFD8 /* wode_ydy.png */ = {isa = PBXFileReference; lastKnownFileType = image.png; path = wode_ydy.png; sourceTree = "<group>"; };
/* End PBXFileReference section */

/* Begin PBXFrameworksBuildPhase section */
		8C5D16A11E64239800D4D5A6 /* Frameworks */ = {
			isa = PBXFrameworksBuildPhase;
			buildActionMask = 2147483647;
			files = (
			);
			runOnlyForDeploymentPostprocessing = 0;
		};
/* End PBXFrameworksBuildPhase section */

/* Begin PBXGroup section */
		8C5D169B1E64239800D4D5A6 = {
			isa = PBXGroup;
			children = (
				8C5D16A61E64239800D4D5A6 /* MaxAlertView */,
				8C5D16A51E64239800D4D5A6 /* Products */,
			);
			sourceTree = "<group>";
		};
		8C5D16A51E64239800D4D5A6 /* Products */ = {
			isa = PBXGroup;
			children = (
				8C5D16A41E64239800D4D5A6 /* MaxAlertView.app */,
			);
			name = Products;
			sourceTree = "<group>";
		};
		8C5D16A61E64239800D4D5A6 /* MaxAlertView */ = {
			isa = PBXGroup;
			children = (
				8C6F5CBB1E7673A900D29A92 /* Header.h */,
				8C5D16AA1E64239800D4D5A6 /* AppDelegate.h */,
				8C5D16AB1E64239800D4D5A6 /* AppDelegate.m */,
				8C5D16AD1E64239800D4D5A6 /* ViewController.h */,
				8C5D16AE1E64239800D4D5A6 /* ViewController.m */,
				8C6F5CB81E76738B00D29A92 /* MaxAlertViewController.h */,
				8C6F5CB91E76738B00D29A92 /* MaxAlertViewController.m */,
				8C6F5CC01E7680AF00D29A92 /* AlertViewController.h */,
				8C6F5CC11E7680AF00D29A92 /* AlertViewController.m */,
				8C6F5CC31E76811E00D29A92 /* ActionSheetViewController.h */,
				8C6F5CC41E76811E00D29A92 /* ActionSheetViewController.m */,
				8C5D16BE1E64240B00D4D5A6 /* MaxAlertView */,
				8C6F5CBC1E76750C00D29A92 /* PopUpView */,
				8C5D16B31E64239800D4D5A6 /* Assets.xcassets */,
				8C5D16B51E64239800D4D5A6 /* LaunchScreen.storyboard */,
				8C5D16B81E64239800D4D5A6 /* Info.plist */,
				8C5D16A71E64239800D4D5A6 /* Supporting Files */,
			);
			path = MaxAlertView;
			sourceTree = "<group>";
		};
		8C5D16A71E64239800D4D5A6 /* Supporting Files */ = {
			isa = PBXGroup;
			children = (
				8C5D16A81E64239800D4D5A6 /* main.m */,
			);
			name = "Supporting Files";
			sourceTree = "<group>";
		};
		8C5D16BE1E64240B00D4D5A6 /* MaxAlertView */ = {
			isa = PBXGroup;
			children = (
				8C78C11D1E6910800005AFD8 /* wode_ydy.png */,
				8C5D16BF1E64241A00D4D5A6 /* MaxAlertView.h */,
				8C5D16C01E64241A00D4D5A6 /* MaxAlertView.m */,
			);
			path = MaxAlertView;
			sourceTree = "<group>";
		};
		8C6F5CBC1E76750C00D29A92 /* PopUpView */ = {
			isa = PBXGroup;
			children = (
				8C6F5CBD1E76753400D29A92 /* PopUpView.h */,
				8C6F5CBE1E76753400D29A92 /* PopUpView.m */,
			);
			path = PopUpView;
			sourceTree = "<group>";
		};
/* End PBXGroup section */

/* Begin PBXNativeTarget section */
		8C5D16A31E64239800D4D5A6 /* MaxAlertView */ = {
			isa = PBXNativeTarget;
			buildConfigurationList = 8C5D16BB1E64239800D4D5A6 /* Build configuration list for PBXNativeTarget "MaxAlertView" */;
			buildPhases = (
				8C5D16A01E64239800D4D5A6 /* Sources */,
				8C5D16A11E64239800D4D5A6 /* Frameworks */,
				8C5D16A21E64239800D4D5A6 /* Resources */,
			);
			buildRules = (
			);
			dependencies = (
			);
			name = MaxAlertView;
			productName = MaxAlertView;
			productReference = 8C5D16A41E64239800D4D5A6 /* MaxAlertView.app */;
			productType = "com.apple.product-type.application";
		};
/* End PBXNativeTarget section */

/* Begin PBXProject section */
		8C5D169C1E64239800D4D5A6 /* Project object */ = {
			isa = PBXProject;
			attributes = {
				LastUpgradeCheck = 0700;
				ORGANIZATIONNAME = Jalen;
				TargetAttributes = {
					8C5D16A31E64239800D4D5A6 = {
						CreatedOnToolsVersion = 7.0;
						DevelopmentTeam = X3C3UCZ237;
					};
				};
			};
			buildConfigurationList = 8C5D169F1E64239800D4D5A6 /* Build configuration list for PBXProject "MaxAlertView" */;
			compatibilityVersion = "Xcode 3.2";
			developmentRegion = English;
			hasScannedForEncodings = 0;
			knownRegions = (
				en,
				Base,
			);
			mainGroup = 8C5D169B1E64239800D4D5A6;
			productRefGroup = 8C5D16A51E64239800D4D5A6 /* Products */;
			projectDirPath = "";
			projectRoot = "";
			targets = (
				8C5D16A31E64239800D4D5A6 /* MaxAlertView */,
			);
		};
/* End PBXProject section */

/* Begin PBXResourcesBuildPhase section */
		8C5D16A21E64239800D4D5A6 /* Resources */ = {
			isa = PBXResourcesBuildPhase;
			buildActionMask = 2147483647;
			files = (
				8C5D16B71E64239800D4D5A6 /* LaunchScreen.storyboard in Resources */,
				8C5D16B41E64239800D4D5A6 /* Assets.xcassets in Resources */,
				8C78C11E1E6910800005AFD8 /* wode_ydy.png in Resources */,
			);
			runOnlyForDeploymentPostprocessing = 0;
		};
/* End PBXResourcesBuildPhase section */

/* Begin PBXSourcesBuildPhase section */
		8C5D16A01E64239800D4D5A6 /* Sources */ = {
			isa = PBXSourcesBuildPhase;
			buildActionMask = 2147483647;
			files = (
				8C5D16AF1E64239800D4D5A6 /* ViewController.m in Sources */,
				8C6F5CBF1E76753400D29A92 /* PopUpView.m in Sources */,
				8C6F5CC21E7680AF00D29A92 /* AlertViewController.m in Sources */,
				8C5D16AC1E64239800D4D5A6 /* AppDelegate.m in Sources */,
				8C6F5CC51E76811E00D29A92 /* ActionSheetViewController.m in Sources */,
				8C5D16C11E64241A00D4D5A6 /* MaxAlertView.m in Sources */,
				8C6F5CBA1E76738B00D29A92 /* MaxAlertViewController.m in Sources */,
				8C5D16A91E64239800D4D5A6 /* main.m in Sources */,
			);
			runOnlyForDeploymentPostprocessing = 0;
		};
/* End PBXSourcesBuildPhase section */

/* Begin PBXVariantGroup section */
		8C5D16B51E64239800D4D5A6 /* LaunchScreen.storyboard */ = {
			isa = PBXVariantGroup;
			children = (
				8C5D16B61E64239800D4D5A6 /* Base */,
			);
			name = LaunchScreen.storyboard;
			sourceTree = "<group>";
		};
/* End PBXVariantGroup section */

/* Begin XCBuildConfiguration section */
		8C5D16B91E64239800D4D5A6 /* Debug */ = {
			isa = XCBuildConfiguration;
			buildSettings = {
				ALWAYS_SEARCH_USER_PATHS = NO;
				CLANG_CXX_LANGUAGE_STANDARD = "gnu++0x";
				CLANG_CXX_LIBRARY = "libc++";
				CLANG_ENABLE_MODULES = YES;
				CLANG_ENABLE_OBJC_ARC = YES;
				CLANG_WARN_BOOL_CONVERSION = YES;
				CLANG_WARN_CONSTANT_CONVERSION = YES;
				CLANG_WARN_DIRECT_OBJC_ISA_USAGE = YES_ERROR;
				CLANG_WARN_EMPTY_BODY = YES;
				CLANG_WARN_ENUM_CONVERSION = YES;
				CLANG_WARN_INT_CONVERSION = YES;
				CLANG_WARN_OBJC_ROOT_CLASS = YES_ERROR;
				CLANG_WARN_UNREACHABLE_CODE = YES;
				CLANG_WARN__DUPLICATE_METHOD_MATCH = YES;
				"CODE_SIGN_IDENTITY[sdk=iphoneos*]" = "iPhone Developer";
				COPY_PHASE_STRIP = NO;
				DEBUG_INFORMATION_FORMAT = dwarf;
				ENABLE_STRICT_OBJC_MSGSEND = YES;
				ENABLE_TESTABILITY = YES;
				GCC_C_LANGUAGE_STANDARD = gnu99;
				GCC_DYNAMIC_NO_PIC = NO;
				GCC_NO_COMMON_BLOCKS = YES;
				GCC_OPTIMIZATION_LEVEL = 0;
				GCC_PREPROCESSOR_DEFINITIONS = (
					"DEBUG=1",
					"$(inherited)",
				);
				GCC_WARN_64_TO_32_BIT_CONVERSION = YES;
				GCC_WARN_ABOUT_RETURN_TYPE = YES_ERROR;
				GCC_WARN_UNDECLARED_SELECTOR = YES;
				GCC_WARN_UNINITIALIZED_AUTOS = YES_AGGRESSIVE;
				GCC_WARN_UNUSED_FUNCTION = YES;
				GCC_WARN_UNUSED_VARIABLE = YES;
				IPHONEOS_DEPLOYMENT_TARGET = 9.0;
				MTL_ENABLE_DEBUG_INFO = YES;
				ONLY_ACTIVE_ARCH = YES;
				SDKROOT = iphoneos;
			};
			name = Debug;
		};
		8C5D16BA1E64239800D4D5A6 /* Release */ = {
			isa = XCBuildConfiguration;
			buildSettings = {
				ALWAYS_SEARCH_USER_PATHS = NO;
				CLANG_CXX_LANGUAGE_STANDARD = "gnu++0x";
				CLANG_CXX_LIBRARY = "libc++";
				CLANG_ENABLE_MODULES = YES;
				CLANG_ENABLE_OBJC_ARC = YES;
				CLANG_WARN_BOOL_CONVERSION = YES;
				CLANG_WARN_CONSTANT_CONVERSION = YES;
				CLANG_WARN_DIRECT_OBJC_ISA_USAGE = YES_ERROR;
				CLANG_WARN_EMPTY_BODY = YES;
				CLANG_WARN_ENUM_CONVERSION = YES;
				CLANG_WARN_INT_CONVERSION = YES;
				CLANG_WARN_OBJC_ROOT_CLASS = YES_ERROR;
				CLANG_WARN_UNREACHABLE_CODE = YES;
				CLANG_WARN__DUPLICATE_METHOD_MATCH = YES;
				"CODE_SIGN_IDENTITY[sdk=iphoneos*]" = "iPhone Developer";
				COPY_PHASE_STRIP = NO;
				DEBUG_INFORMATION_FORMAT = "dwarf-with-dsym";
				ENABLE_NS_ASSERTIONS = NO;
				ENABLE_STRICT_OBJC_MSGSEND = YES;
				GCC_C_LANGUAGE_STANDARD = gnu99;
				GCC_NO_COMMON_BLOCKS = YES;
				GCC_WARN_64_TO_32_BIT_CONVERSION = YES;
				GCC_WARN_ABOUT_RETURN_TYPE = YES_ERROR;
				GCC_WARN_UNDECLARED_SELECTOR = YES;
				GCC_WARN_UNINITIALIZED_AUTOS = YES_AGGRESSIVE;
				GCC_WARN_UNUSED_FUNCTION = YES;
				GCC_WARN_UNUSED_VARIABLE = YES;
				IPHONEOS_DEPLOYMENT_TARGET = 9.0;
				MTL_ENABLE_DEBUG_INFO = NO;
				SDKROOT = iphoneos;
				VALIDATE_PRODUCT = YES;
			};
			name = Release;
		};
		8C5D16BC1E64239800D4D5A6 /* Debug */ = {
			isa = XCBuildConfiguration;
			buildSettings = {
				ASSETCATALOG_COMPILER_APPICON_NAME = AppIcon;
				CODE_SIGN_IDENTITY = "iPhone Developer";
				INFOPLIST_FILE = MaxAlertView/Info.plist;
				IPHONEOS_DEPLOYMENT_TARGET = 8.0;
				LD_RUNPATH_SEARCH_PATHS = "$(inherited) @executable_path/Frameworks";
				PRODUCT_BUNDLE_IDENTIFIER = com.huati.MaxAlertView;
				PRODUCT_NAME = "$(TARGET_NAME)";
			};
			name = Debug;
		};
		8C5D16BD1E64239800D4D5A6 /* Release */ = {
			isa = XCBuildConfiguration;
			buildSettings = {
				ASSETCATALOG_COMPILER_APPICON_NAME = AppIcon;
				CODE_SIGN_IDENTITY = "iPhone Developer";
				INFOPLIST_FILE = MaxAlertView/Info.plist;
				IPHONEOS_DEPLOYMENT_TARGET = 8.0;
				LD_RUNPATH_SEARCH_PATHS = "$(inherited) @executable_path/Frameworks";
				PRODUCT_BUNDLE_IDENTIFIER = com.huati.MaxAlertView;
				PRODUCT_NAME = "$(TARGET_NAME)";
			};
			name = Release;
		};
/* End XCBuildConfiguration section */

/* Begin XCConfigurationList section */
		8C5D169F1E64239800D4D5A6 /* Build configuration list for PBXProject "MaxAlertView" */ = {
			isa = XCConfigurationList;
			buildConfigurations = (
				8C5D16B91E64239800D4D5A6 /* Debug */,
				8C5D16BA1E64239800D4D5A6 /* Release */,
			);
			defaultConfigurationIsVisible = 0;
			defaultConfigurationName = Release;
		};
		8C5D16BB1E64239800D4D5A6 /* Build configuration list for PBXNativeTarget "MaxAlertView" */ = {
			isa = XCConfigurationList;
			buildConfigurations = (
				8C5D16BC1E64239800D4D5A6 /* Debug */,
				8C5D16BD1E64239800D4D5A6 /* Release */,
			);
			defaultConfigurationIsVisible = 0;
			defaultConfigurationName = Release;
		};
/* End XCConfigurationList section */
	};
	rootObject = 8C5D169C1E64239800D4D5A6 /* Project object */;
}
